
Microsoft Visual Studio Solution File, Format Version 12.00
# Visual Studio Version 17
VisualStudioVersion = 17.3.32922.545
MinimumVisualStudioVersion = 10.0.40219.1
Project("{FAE04EC0-301F-11D3-BF4B-00C04F79EFBC}") = "pjNominaSencilla", "pjNominaSencilla\pjNominaSencilla.csproj", "{827E4ADE-211D-4369-8704-D29DA83E492F}"
EndProject
Global
	GlobalSection(SolutionConfigurationPlatforms) = preSolution
		Debug|Any CPU = Debug|Any CPU
		Release|Any CPU = Release|Any CPU
	EndGlobalSection
	GlobalSection(ProjectConfigurationPlatforms) = postSolution
		{827E4ADE-211D-4369-8704-D29DA83E492F}.Debug|Any CPU.ActiveCfg = Debug|Any CPU
		{827E4ADE-211D-4369-8704-D29DA83E492F}.Debug|Any CPU.Build.0 = Debug|Any CPU
		{827E4ADE-211D-4369-8704-D29DA83E492F}.Release|Any CPU.ActiveCfg = Release|Any CPU
		{827E4ADE-211D-4369-8704-D29DA83E492F}.Release|Any CPU.Build.0 = Release|Any CPU
	EndGlobalSection
	GlobalSection(SolutionProperties) = preSolution
		HideSolutionNode = FALSE
	EndGlobalSection
	GlobalSection(ExtensibilityGlobals) = postSolution
		SolutionGuid = {596FD0F0-5447-4C27-8020-0356B40FEB57}
	EndGlobalSection
EndGlobal
